// !$*UTF8*$!
{
	archiveVersion = 1;
	classes = {
	};
	objectVersion = 55;
	objects = {

/* Begin PBXBuildFile section */
		0CB7050227B8AF5000C52B24 /* AppDelegate.swift in Sources */ = {isa = PBXBuildFile; fileRef = 0CB7050127B8AF5000C52B24 /* AppDelegate.swift */; };
		0CB7050427B8AF5000C52B24 /* SceneDelegate.swift in Sources */ = {isa = PBXBuildFile; fileRef = 0CB7050327B8AF5000C52B24 /* SceneDelegate.swift */; };
		0CB7050627B8AF5000C52B24 /* ViewController.swift in Sources */ = {isa = PBXBuildFile; fileRef = 0CB7050527B8AF5000C52B24 /* ViewController.swift */; };
		0CB7050927B8AF5000C52B24 /* Main.storyboard in Resources */ = {isa = PBXBuildFile; fileRef = 0CB7050727B8AF5000C52B24 /* Main.storyboard */; };
		0CB7050B27B8AF5100C52B24 /* Assets.xcassets in Resources */ = {isa = PBXBuildFile; fileRef = 0CB7050A27B8AF5100C52B24 /* Assets.xcassets */; };
		0CB7050E27B8AF5100C52B24 /* LaunchScreen.storyboard in Resources */ = {isa = PBXBuildFile; fileRef = 0CB7050C27B8AF5100C52B24 /* LaunchScreen.storyboard */; };
		0CB7051927B8AF5100C52B24 /* SevenLittleWordsTests.swift in Sources */ = {isa = PBXBuildFile; fileRef = 0CB7051827B8AF5100C52B24 /* SevenLittleWordsTests.swift */; };
		0CB7052327B8AF5100C52B24 /* SevenLittleWordsUITests.swift in Sources */ = {isa = PBXBuildFile; fileRef = 0CB7052227B8AF5100C52B24 /* SevenLittleWordsUITests.swift */; };
		0CB7052527B8AF5100C52B24 /* SevenLittleWordsUITestsLaunchTests.swift in Sources */ = {isa = PBXBuildFile; fileRef = 0CB7052427B8AF5100C52B24 /* SevenLittleWordsUITestsLaunchTests.swift */; };
		0CB7053327C152A200C52B24 /* level1.txt in Resources */ = {isa = PBXBuildFile; fileRef = 0CB7053127C152A200C52B24 /* level1.txt */; };
		0CB7053427C152A200C52B24 /* level2.txt in Resources */ = {isa = PBXBuildFile; fileRef = 0CB7053227C152A200C52B24 /* level2.txt */; };
/* End PBXBuildFile section */

/* Begin PBXContainerItemProxy section */
		0CB7051527B8AF5100C52B24 /* PBXContainerItemProxy */ = {
			isa = PBXContainerItemProxy;
			containerPortal = 0CB704F627B8AF4F00C52B24 /* Project object */;
			proxyType = 1;
			remoteGlobalIDString = 0CB704FD27B8AF4F00C52B24;
			remoteInfo = SevenLittleWords;
		};
		0CB7051F27B8AF5100C52B24 /* PBXContainerItemProxy */ = {
			isa = PBXContainerItemProxy;
			containerPortal = 0CB704F627B8AF4F00C52B24 /* Project object */;
			proxyType = 1;
			remoteGlobalIDString = 0CB704FD27B8AF4F00C52B24;
			remoteInfo = SevenLittleWords;
		};
/* End PBXContainerItemProxy section */

/* Begin PBXFileReference section */
		0CB704FE27B8AF5000C52B24 /* SevenLittleWords.app */ = {isa = PBXFileReference; explicitFileType = wrapper.application; includeInIndex = 0; path = SevenLittleWords.app; sourceTree = BUILT_PRODUCTS_DIR; };
		0CB7050127B8AF5000C52B24 /* AppDelegate.swift */ = {isa = PBXFileReference; lastKnownFileType = sourcecode.swift; path = AppDelegate.swift; sourceTree = "<group>"; };
		0CB7050327B8AF5000C52B24 /* SceneDelegate.swift */ = {isa = PBXFileReference; lastKnownFileType = sourcecode.swift; path = SceneDelegate.swift; sourceTree = "<group>"; };
		0CB7050527B8AF5000C52B24 /* ViewController.swift */ = {isa = PBXFileReference; lastKnownFileType = sourcecode.swift; path = ViewController.swift; sourceTree = "<group>"; };
		0CB7050827B8AF5000C52B24 /* Base */ = {isa = PBXFileReference; lastKnownFileType = file.storyboard; name = Base; path = Base.lproj/Main.storyboard; sourceTree = "<group>"; };
		0CB7050A27B8AF5100C52B24 /* Assets.xcassets */ = {isa = PBXFileReference; lastKnownFileType = folder.assetcatalog; path = Assets.xcassets; sourceTree = "<group>"; };
		0CB7050D27B8AF5100C52B24 /* Base */ = {isa = PBXFileReference; lastKnownFileType = file.storyboard; name = Base; path = Base.lproj/LaunchScreen.storyboard; sourceTree = "<group>"; };
		0CB7050F27B8AF5100C52B24 /* Info.plist */ = {isa = PBXFileReference; lastKnownFileType = text.plist.xml; path = Info.plist; sourceTree = "<group>"; };
		0CB7051427B8AF5100C52B24 /* SevenLittleWordsTests.xctest */ = {isa = PBXFileReference; explicitFileType = wrapper.cfbundle; includeInIndex = 0; path = SevenLittleWordsTests.xctest; sourceTree = BUILT_PRODUCTS_DIR; };
		0CB7051827B8AF5100C52B24 /* SevenLittleWordsTests.swift */ = {isa = PBXFileReference; lastKnownFileType = sourcecode.swift; path = SevenLittleWordsTests.swift; sourceTree = "<group>"; };
		0CB7051E27B8AF5100C52B24 /* SevenLittleWordsUITests.xctest */ = {isa = PBXFileReference; explicitFileType = wrapper.cfbundle; includeInIndex = 0; path = SevenLittleWordsUITests.xctest; sourceTree = BUILT_PRODUCTS_DIR; };
		0CB7052227B8AF5100C52B24 /* SevenLittleWordsUITests.swift */ = {isa = PBXFileReference; lastKnownFileType = sourcecode.swift; path = SevenLittleWordsUITests.swift; sourceTree = "<group>"; };
		0CB7052427B8AF5100C52B24 /* SevenLittleWordsUITestsLaunchTests.swift */ = {isa = PBXFileReference; lastKnownFileType = sourcecode.swift; path = SevenLittleWordsUITestsLaunchTests.swift; sourceTree = "<group>"; };
		0CB7053127C152A200C52B24 /* level1.txt */ = {isa = PBXFileReference; fileEncoding = 4; lastKnownFileType = text; path = level1.txt; sourceTree = "<group>"; };
		0CB7053227C152A200C52B24 /* level2.txt */ = {isa = PBXFileReference; fileEncoding = 4; lastKnownFileType = text; path = level2.txt; sourceTree = "<group>"; };
/* End PBXFileReference section */

/* Begin PBXFrameworksBuildPhase section */
		0CB704FB27B8AF4F00C52B24 /* Frameworks */ = {
			isa = PBXFrameworksBuildPhase;
			buildActionMask = 2147483647;
			files = (
			);
			runOnlyForDeploymentPostprocessing = 0;
		};
		0CB7051127B8AF5100C52B24 /* Frameworks */ = {
			isa = PBXFrameworksBuildPhase;
			buildActionMask = 2147483647;
			files = (
			);
			runOnlyForDeploymentPostprocessing = 0;
		};
		0CB7051B27B8AF5100C52B24 /* Frameworks */ = {
			isa = PBXFrameworksBuildPhase;
			buildActionMask = 2147483647;
			files = (
			);
			runOnlyForDeploymentPostprocessing = 0;
		};
/* End PBXFrameworksBuildPhase section */

/* Begin PBXGroup section */
		0CB704F527B8AF4F00C52B24 = {
			isa = PBXGroup;
			children = (
				0CB7050027B8AF5000C52B24 /* SevenLittleWords */,
				0CB7051727B8AF5100C52B24 /* SevenLittleWordsTests */,
				0CB7052127B8AF5100C52B24 /* SevenLittleWordsUITests */,
				0CB704FF27B8AF5000C52B24 /* Products */,
			);
			sourceTree = "<group>";
		};
		0CB704FF27B8AF5000C52B24 /* Products */ = {
			isa = PBXGroup;
			children = (
				0CB704FE27B8AF5000C52B24 /* SevenLittleWords.app */,
				0CB7051427B8AF5100C52B24 /* SevenLittleWordsTests.xctest */,
				0CB7051E27B8AF5100C52B24 /* SevenLittleWordsUITests.xctest */,
			);
			name = Products;
			sourceTree = "<group>";
		};
		0CB7050027B8AF5000C52B24 /* SevenLittleWords */ = {
			isa = PBXGroup;
			children = (
				0CB7053127C152A200C52B24 /* level1.txt */,
				0CB7053227C152A200C52B24 /* level2.txt */,
				0CB7050127B8AF5000C52B24 /* AppDelegate.swift */,
				0CB7050327B8AF5000C52B24 /* SceneDelegate.swift */,
				0CB7050527B8AF5000C52B24 /* ViewController.swift */,
				0CB7050727B8AF5000C52B24 /* Main.storyboard */,
				0CB7050A27B8AF5100C52B24 /* Assets.xcassets */,
				0CB7050C27B8AF5100C52B24 /* LaunchScreen.storyboard */,
				0CB7050F27B8AF5100C52B24 /* Info.plist */,
			);
			path = SevenLittleWords;
			sourceTree = "<group>";
		};
		0CB7051727B8AF5100C52B24 /* SevenLittleWordsTests */ = {
			isa = PBXGroup;
			children = (
				0CB7051827B8AF5100C52B24 /* SevenLittleWordsTests.swift */,
			);
			path = SevenLittleWordsTests;
			sourceTree = "<group>";
		};
		0CB7052127B8AF5100C52B24 /* SevenLittleWordsUITests */ = {
			isa = PBXGroup;
			children = (
				0CB7052227B8AF5100C52B24 /* SevenLittleWordsUITests.swift */,
				0CB7052427B8AF5100C52B24 /* SevenLittleWordsUITestsLaunchTests.swift */,
			);
			path = SevenLittleWordsUITests;
			sourceTree = "<group>";
		};
/* End PBXGroup section */

/* Begin PBXNativeTarget section */
		0CB704FD27B8AF4F00C52B24 /* SevenLittleWords */ = {
			isa = PBXNativeTarget;
			buildConfigurationList = 0CB7052827B8AF5100C52B24 /* Build configuration list for PBXNativeTarget "SevenLittleWords" */;
			buildPhases = (
				0CB704FA27B8AF4F00C52B24 /* Sources */,
				0CB704FB27B8AF4F00C52B24 /* Frameworks */,
				0CB704FC27B8AF4F00C52B24 /* Resources */,
			);
			buildRules = (
			);
			dependencies = (
			);
			name = SevenLittleWords;
			productName = SevenLittleWords;
			productReference = 0CB704FE27B8AF5000C52B24 /* SevenLittleWords.app */;
			productType = "com.apple.product-type.application";
		};
		0CB7051327B8AF5100C52B24 /* SevenLittleWordsTests */ = {
			isa = PBXNativeTarget;
			buildConfigurationList = 0CB7052B27B8AF5100C52B24 /* Build configuration list for PBXNativeTarget "SevenLittleWordsTests" */;
			buildPhases = (
				0CB7051027B8AF5100C52B24 /* Sources */,
				0CB7051127B8AF5100C52B24 /* Frameworks */,
				0CB7051227B8AF5100C52B24 /* Resources */,
			);
			buildRules = (
			);
			dependencies = (
				0CB7051627B8AF5100C52B24 /* PBXTargetDependency */,
			);
			name = SevenLittleWordsTests;
			productName = SevenLittleWordsTests;
			productReference = 0CB7051427B8AF5100C52B24 /* SevenLittleWordsTests.xctest */;
			productType = "com.apple.product-type.bundle.unit-test";
		};
		0CB7051D27B8AF5100C52B24 /* SevenLittleWordsUITests */ = {
			isa = PBXNativeTarget;
			buildConfigurationList = 0CB7052E27B8AF5100C52B24 /* Build configuration list for PBXNativeTarget "SevenLittleWordsUITests" */;
			buildPhases = (
				0CB7051A27B8AF5100C52B24 /* Sources */,
				0CB7051B27B8AF5100C52B24 /* Frameworks */,
				0CB7051C27B8AF5100C52B24 /* Resources */,
			);
			buildRules = (
			);
			dependencies = (
				0CB7052027B8AF5100C52B24 /* PBXTargetDependency */,
			);
			name = SevenLittleWordsUITests;
			productName = SevenLittleWordsUITests;
			productReference = 0CB7051E27B8AF5100C52B24 /* SevenLittleWordsUITests.xctest */;
			productType = "com.apple.product-type.bundle.ui-testing";
		};
/* End PBXNativeTarget section */

/* Begin PBXProject section */
		0CB704F627B8AF4F00C52B24 /* Project object */ = {
			isa = PBXProject;
			attributes = {
				BuildIndependentTargetsInParallel = 1;
				LastSwiftUpdateCheck = 1320;
				LastUpgradeCheck = 1320;
				TargetAttributes = {
					0CB704FD27B8AF4F00C52B24 = {
						CreatedOnToolsVersion = 13.2.1;
					};
					0CB7051327B8AF5100C52B24 = {
						CreatedOnToolsVersion = 13.2.1;
						TestTargetID = 0CB704FD27B8AF4F00C52B24;
					};
					0CB7051D27B8AF5100C52B24 = {
						CreatedOnToolsVersion = 13.2.1;
						TestTargetID = 0CB704FD27B8AF4F00C52B24;
					};
				};
			};
			buildConfigurationList = 0CB704F927B8AF4F00C52B24 /* Build configuration list for PBXProject "SevenLittleWords" */;
			compatibilityVersion = "Xcode 13.0";
			developmentRegion = en;
			hasScannedForEncodings = 0;
			knownRegions = (
				en,
				Base,
			);
			mainGroup = 0CB704F527B8AF4F00C52B24;
			productRefGroup = 0CB704FF27B8AF5000C52B24 /* Products */;
			projectDirPath = "";
			projectRoot = "";
			targets = (
				0CB704FD27B8AF4F00C52B24 /* SevenLittleWords */,
				0CB7051327B8AF5100C52B24 /* SevenLittleWordsTests */,
				0CB7051D27B8AF5100C52B24 /* SevenLittleWordsUITests */,
			);
		};
/* End PBXProject section */

/* Begin PBXResourcesBuildPhase section */
		0CB704FC27B8AF4F00C52B24 /* Resources */ = {
			isa = PBXResourcesBuildPhase;
			buildActionMask = 2147483647;
			files = (
				0CB7053427C152A200C52B24 /* level2.txt in Resources */,
				0CB7050E27B8AF5100C52B24 /* LaunchScreen.storyboard in Resources */,
				0CB7053327C152A200C52B24 /* level1.txt in Resources */,
				0CB7050B27B8AF5100C52B24 /* Assets.xcassets in Resources */,
				0CB7050927B8AF5000C52B24 /* Main.storyboard in Resources */,
			);
			runOnlyForDeploymentPostprocessing = 0;
		};
		0CB7051227B8AF5100C52B24 /* Resources */ = {
			isa = PBXResourcesBuildPhase;
			buildActionMask = 2147483647;
			files = (
			);
			runOnlyForDeploymentPostprocessing = 0;
		};
		0CB7051C27B8AF5100C52B24 /* Resources */ = {
			isa = PBXResourcesBuildPhase;
			buildActionMask = 2147483647;
			files = (
			);
			runOnlyForDeploymentPostprocessing = 0;
		};
/* End PBXResourcesBuildPhase section */

/* Begin PBXSourcesBuildPhase section */
		0CB704FA27B8AF4F00C52B24 /* Sources */ = {
			isa = PBXSourcesBuildPhase;
			buildActionMask = 2147483647;
			files = (
				0CB7050627B8AF5000C52B24 /* ViewController.swift in Sources */,
				0CB7050227B8AF5000C52B24 /* AppDelegate.swift in Sources */,
				0CB7050427B8AF5000C52B24 /* SceneDelegate.swift in Sources */,
			);
			runOnlyForDeploymentPostprocessing = 0;
		};
		0CB7051027B8AF5100C52B24 /* Sources */ = {
			isa = PBXSourcesBuildPhase;
			buildActionMask = 2147483647;
			files = (
				0CB7051927B8AF5100C52B24 /* SevenLittleWordsTests.swift in Sources */,
			);
			runOnlyForDeploymentPostprocessing = 0;
		};
		0CB7051A27B8AF5100C52B24 /* Sources */ = {
			isa = PBXSourcesBuildPhase;
			buildActionMask = 2147483647;
			files = (
				0CB7052527B8AF5100C52B24 /* SevenLittleWordsUITestsLaunchTests.swift in Sources */,
				0CB7052327B8AF5100C52B24 /* SevenLittleWordsUITests.swift in Sources */,
			);
			runOnlyForDeploymentPostprocessing = 0;
		};
/* End PBXSourcesBuildPhase section */

/* Begin PBXTargetDependency section */
		0CB7051627B8AF5100C52B24 /* PBXTargetDependency */ = {
			isa = PBXTargetDependency;
			target = 0CB704FD27B8AF4F00C52B24 /* SevenLittleWords */;
			targetProxy = 0CB7051527B8AF5100C52B24 /* PBXContainerItemProxy */;
		};
		0CB7052027B8AF5100C52B24 /* PBXTargetDependency */ = {
			isa = PBXTargetDependency;
			target = 0CB704FD27B8AF4F00C52B24 /* SevenLittleWords */;
			targetProxy = 0CB7051F27B8AF5100C52B24 /* PBXContainerItemProxy */;
		};
/* End PBXTargetDependency section */

/* Begin PBXVariantGroup section */
		0CB7050727B8AF5000C52B24 /* Main.storyboard */ = {
			isa = PBXVariantGroup;
			children = (
				0CB7050827B8AF5000C52B24 /* Base */,
			);
			name = Main.storyboard;
			sourceTree = "<group>";
		};
		0CB7050C27B8AF5100C52B24 /* LaunchScreen.storyboard */ = {
			isa = PBXVariantGroup;
			children = (
				0CB7050D27B8AF5100C52B24 /* Base */,
			);
			name = LaunchScreen.storyboard;
			sourceTree = "<group>";
		};
/* End PBXVariantGroup section */

/* Begin XCBuildConfiguration section */
		0CB7052627B8AF5100C52B24 /* Debug */ = {
			isa = XCBuildConfiguration;
			buildSettings = {
				ALWAYS_SEARCH_USER_PATHS = NO;
				CLANG_ANALYZER_NONNULL = YES;
				CLANG_ANALYZER_NUMBER_OBJECT_CONVERSION = YES_AGGRESSIVE;
				CLANG_CXX_LANGUAGE_STANDARD = "gnu++17";
				CLANG_CXX_LIBRARY = "libc++";
				CLANG_ENABLE_MODULES = YES;
				CLANG_ENABLE_OBJC_ARC = YES;
				CLANG_ENABLE_OBJC_WEAK = YES;
				CLANG_WARN_BLOCK_CAPTURE_AUTORELEASING = YES;
				CLANG_WARN_BOOL_CONVERSION = YES;
				CLANG_WARN_COMMA = YES;
				CLANG_WARN_CONSTANT_CONVERSION = YES;
				CLANG_WARN_DEPRECATED_OBJC_IMPLEMENTATIONS = YES;
				CLANG_WARN_DIRECT_OBJC_ISA_USAGE = YES_ERROR;
				CLANG_WARN_DOCUMENTATION_COMMENTS = YES;
				CLANG_WARN_EMPTY_BODY = YES;
				CLANG_WARN_ENUM_CONVERSION = YES;
				CLANG_WARN_INFINITE_RECURSION = YES;
				CLANG_WARN_INT_CONVERSION = YES;
				CLANG_WARN_NON_LITERAL_NULL_CONVERSION = YES;
				CLANG_WARN_OBJC_IMPLICIT_RETAIN_SELF = YES;
				CLANG_WARN_OBJC_LITERAL_CONVERSION = YES;
				CLANG_WARN_OBJC_ROOT_CLASS = YES_ERROR;
				CLANG_WARN_QUOTED_INCLUDE_IN_FRAMEWORK_HEADER = YES;
				CLANG_WARN_RANGE_LOOP_ANALYSIS = YES;
				CLANG_WARN_STRICT_PROTOTYPES = YES;
				CLANG_WARN_SUSPICIOUS_MOVE = YES;
				CLANG_WARN_UNGUARDED_AVAILABILITY = YES_AGGRESSIVE;
				CLANG_WARN_UNREACHABLE_CODE = YES;
				CLANG_WARN__DUPLICATE_METHOD_MATCH = YES;
				COPY_PHASE_STRIP = NO;
				DEBUG_INFORMATION_FORMAT = dwarf;
				ENABLE_STRICT_OBJC_MSGSEND = YES;
				ENABLE_TESTABILITY = YES;
				GCC_C_LANGUAGE_STANDARD = gnu11;
				GCC_DYNAMIC_NO_PIC = NO;
				GCC_NO_COMMON_BLOCKS = YES;
				GCC_OPTIMIZATION_LEVEL = 0;
				GCC_PREPROCESSOR_DEFINITIONS = (
					"DEBUG=1",
					"$(inherited)",
				);
				GCC_WARN_64_TO_32_BIT_CONVERSION = YES;
				GCC_WARN_ABOUT_RETURN_TYPE = YES_ERROR;
				GCC_WARN_UNDECLARED_SELECTOR = YES;
				GCC_WARN_UNINITIALIZED_AUTOS = YES_AGGRESSIVE;
				GCC_WARN_UNUSED_FUNCTION = YES;
				GCC_WARN_UNUSED_VARIABLE = YES;
				IPHONEOS_DEPLOYMENT_TARGET = 15.2;
				MTL_ENABLE_DEBUG_INFO = INCLUDE_SOURCE;
				MTL_FAST_MATH = YES;
				ONLY_ACTIVE_ARCH = YES;
				SDKROOT = iphoneos;
				SWIFT_ACTIVE_COMPILATION_CONDITIONS = DEBUG;
				SWIFT_OPTIMIZATION_LEVEL = "-Onone";
			};
			name = Debug;
		};
		0CB7052727B8AF5100C52B24 /* Release */ = {
			isa = XCBuildConfiguration;
			buildSettings = {
				ALWAYS_SEARCH_USER_PATHS = NO;
				CLANG_ANALYZER_NONNULL = YES;
				CLANG_ANALYZER_NUMBER_OBJECT_CONVERSION = YES_AGGRESSIVE;
				CLANG_CXX_LANGUAGE_STANDARD = "gnu++17";
				CLANG_CXX_LIBRARY = "libc++";
				CLANG_ENABLE_MODULES = YES;
				CLANG_ENABLE_OBJC_ARC = YES;
				CLANG_ENABLE_OBJC_WEAK = YES;
				CLANG_WARN_BLOCK_CAPTURE_AUTORELEASING = YES;
				CLANG_WARN_BOOL_CONVERSION = YES;
				CLANG_WARN_COMMA = YES;
				CLANG_WARN_CONSTANT_CONVERSION = YES;
				CLANG_WARN_DEPRECATED_OBJC_IMPLEMENTATIONS = YES;
				CLANG_WARN_DIRECT_OBJC_ISA_USAGE = YES_ERROR;
				CLANG_WARN_DOCUMENTATION_COMMENTS = YES;
				CLANG_WARN_EMPTY_BODY = YES;
				CLANG_WARN_ENUM_CONVERSION = YES;
				CLANG_WARN_INFINITE_RECURSION = YES;
				CLANG_WARN_INT_CONVERSION = YES;
				CLANG_WARN_NON_LITERAL_NULL_CONVERSION = YES;
				CLANG_WARN_OBJC_IMPLICIT_RETAIN_SELF = YES;
				CLANG_WARN_OBJC_LITERAL_CONVERSION = YES;
				CLANG_WARN_OBJC_ROOT_CLASS = YES_ERROR;
				CLANG_WARN_QUOTED_INCLUDE_IN_FRAMEWORK_HEADER = YES;
				CLANG_WARN_RANGE_LOOP_ANALYSIS = YES;
				CLANG_WARN_STRICT_PROTOTYPES = YES;
				CLANG_WARN_SUSPICIOUS_MOVE = YES;
				CLANG_WARN_UNGUARDED_AVAILABILITY = YES_AGGRESSIVE;
				CLANG_WARN_UNREACHABLE_CODE = YES;
				CLANG_WARN__DUPLICATE_METHOD_MATCH = YES;
				COPY_PHASE_STRIP = NO;
				DEBUG_INFORMATION_FORMAT = "dwarf-with-dsym";
				ENABLE_NS_ASSERTIONS = NO;
				ENABLE_STRICT_OBJC_MSGSEND = YES;
				GCC_C_LANGUAGE_STANDARD = gnu11;
				GCC_NO_COMMON_BLOCKS = YES;
				GCC_WARN_64_TO_32_BIT_CONVERSION = YES;
				GCC_WARN_ABOUT_RETURN_TYPE = YES_ERROR;
				GCC_WARN_UNDECLARED_SELECTOR = YES;
				GCC_WARN_UNINITIALIZED_AUTOS = YES_AGGRESSIVE;
				GCC_WARN_UNUSED_FUNCTION = YES;
				GCC_WARN_UNUSED_VARIABLE = YES;
				IPHONEOS_DEPLOYMENT_TARGET = 15.2;
				MTL_ENABLE_DEBUG_INFO = NO;
				MTL_FAST_MATH = YES;
				SDKROOT = iphoneos;
				SWIFT_COMPILATION_MODE = wholemodule;
				SWIFT_OPTIMIZATION_LEVEL = "-O";
				VALIDATE_PRODUCT = YES;
			};
			name = Release;
		};
		0CB7052927B8AF5100C52B24 /* Debug */ = {
			isa = XCBuildConfiguration;
			buildSettings = {
				ASSETCATALOG_COMPILER_APPICON_NAME = AppIcon;
				ASSETCATALOG_COMPILER_GLOBAL_ACCENT_COLOR_NAME = AccentColor;
				CODE_SIGN_STYLE = Automatic;
				CURRENT_PROJECT_VERSION = 1;
				GENERATE_INFOPLIST_FILE = YES;
				INFOPLIST_FILE = SevenLittleWords/Info.plist;
				INFOPLIST_KEY_UIApplicationSupportsIndirectInputEvents = YES;
				INFOPLIST_KEY_UILaunchStoryboardName = LaunchScreen;
				INFOPLIST_KEY_UIMainStoryboardFile = Main;
				INFOPLIST_KEY_UISupportedInterfaceOrientations_iPad = "UIInterfaceOrientationPortrait UIInterfaceOrientationPortraitUpsideDown UIInterfaceOrientationLandscapeLeft UIInterfaceOrientationLandscapeRight";
				INFOPLIST_KEY_UISupportedInterfaceOrientations_iPhone = "UIInterfaceOrientationPortrait UIInterfaceOrientationLandscapeLeft UIInterfaceOrientationLandscapeRight";
				LD_RUNPATH_SEARCH_PATHS = (
					"$(inherited)",
					"@executable_path/Frameworks",
				);
				MARKETING_VERSION = 1.0;
				PRODUCT_BUNDLE_IDENTIFIER = com.chi.SevenLittleWords;
				PRODUCT_NAME = "$(TARGET_NAME)";
				SWIFT_EMIT_LOC_STRINGS = YES;
				SWIFT_VERSION = 5.0;
				TARGETED_DEVICE_FAMILY = 2;
			};
			name = Debug;
		};
		0CB7052A27B8AF5100C52B24 /* Release */ = {
			isa = XCBuildConfiguration;
			buildSettings = {
				ASSETCATALOG_COMPILER_APPICON_NAME = AppIcon;
				ASSETCATALOG_COMPILER_GLOBAL_ACCENT_COLOR_NAME = AccentColor;
				CODE_SIGN_STYLE = Automatic;
				CURRENT_PROJECT_VERSION = 1;
				GENERATE_INFOPLIST_FILE = YES;
				INFOPLIST_FILE = SevenLittleWords/Info.plist;
				INFOPLIST_KEY_UIApplicationSupportsIndirectInputEvents = YES;
				INFOPLIST_KEY_UILaunchStoryboardName = LaunchScreen;
				INFOPLIST_KEY_UIMainStoryboardFile = Main;
				INFOPLIST_KEY_UISupportedInterfaceOrientations_iPad = "UIInterfaceOrientationPortrait UIInterfaceOrientationPortraitUpsideDown UIInterfaceOrientationLandscapeLeft UIInterfaceOrientationLandscapeRight";
				INFOPLIST_KEY_UISupportedInterfaceOrientations_iPhone = "UIInterfaceOrientationPortrait UIInterfaceOrientationLandscapeLeft UIInterfaceOrientationLandscapeRight";
				LD_RUNPATH_SEARCH_PATHS = (
					"$(inherited)",
					"@executable_path/Frameworks",
				);
				MARKETING_VERSION = 1.0;
				PRODUCT_BUNDLE_IDENTIFIER = com.chi.SevenLittleWords;
				PRODUCT_NAME = "$(TARGET_NAME)";
				SWIFT_EMIT_LOC_STRINGS = YES;
				SWIFT_VERSION = 5.0;
				TARGETED_DEVICE_FAMILY = 2;
			};
			name = Release;
		};
		0CB7052C27B8AF5100C52B24 /* Debug */ = {
			isa = XCBuildConfiguration;
			buildSettings = {
				ALWAYS_EMBED_SWIFT_STANDARD_LIBRARIES = YES;
				BUNDLE_LOADER = "$(TEST_HOST)";
				CODE_SIGN_STYLE = Automatic;
				CURRENT_PROJECT_VERSION = 1;
				GENERATE_INFOPLIST_FILE = YES;
				IPHONEOS_DEPLOYMENT_TARGET = 15.2;
				MARKETING_VERSION = 1.0;
				PRODUCT_BUNDLE_IDENTIFIER = com.chi.SevenLittleWordsTests;
				PRODUCT_NAME = "$(TARGET_NAME)";
				SWIFT_EMIT_LOC_STRINGS = NO;
				SWIFT_VERSION = 5.0;
				TARGETED_DEVICE_FAMILY = "1,2";
				TEST_HOST = "$(BUILT_PRODUCTS_DIR)/SevenLittleWords.app/SevenLittleWords";
			};
			name = Debug;
		};
		0CB7052D27B8AF5100C52B24 /* Release */ = {
			isa = XCBuildConfiguration;
			buildSettings = {
				ALWAYS_EMBED_SWIFT_STANDARD_LIBRARIES = YES;
				BUNDLE_LOADER = "$(TEST_HOST)";
				CODE_SIGN_STYLE = Automatic;
				CURRENT_PROJECT_VERSION = 1;
				GENERATE_INFOPLIST_FILE = YES;
				IPHONEOS_DEPLOYMENT_TARGET = 15.2;
				MARKETING_VERSION = 1.0;
				PRODUCT_BUNDLE_IDENTIFIER = com.chi.SevenLittleWordsTests;
				PRODUCT_NAME = "$(TARGET_NAME)";
				SWIFT_EMIT_LOC_STRINGS = NO;
				SWIFT_VERSION = 5.0;
				TARGETED_DEVICE_FAMILY = "1,2";
				TEST_HOST = "$(BUILT_PRODUCTS_DIR)/SevenLittleWords.app/SevenLittleWords";
			};
			name = Release;
		};
		0CB7052F27B8AF5100C52B24 /* Debug */ = {
			isa = XCBuildConfiguration;
			buildSettings = {
				ALWAYS_EMBED_SWIFT_STANDARD_LIBRARIES = YES;
				CODE_SIGN_STYLE = Automatic;
				CURRENT_PROJECT_VERSION = 1;
				GENERATE_INFOPLIST_FILE = YES;
				MARKETING_VERSION = 1.0;
				PRODUCT_BUNDLE_IDENTIFIER = com.chi.SevenLittleWordsUITests;
				PRODUCT_NAME = "$(TARGET_NAME)";
				SWIFT_EMIT_LOC_STRINGS = NO;
				SWIFT_VERSION = 5.0;
				TARGETED_DEVICE_FAMILY = "1,2";
				TEST_TARGET_NAME = SevenLittleWords;
			};
			name = Debug;
		};
		0CB7053027B8AF5100C52B24 /* Release */ = {
			isa = XCBuildConfiguration;
			buildSettings = {
				ALWAYS_EMBED_SWIFT_STANDARD_LIBRARIES = YES;
				CODE_SIGN_STYLE = Automatic;
				CURRENT_PROJECT_VERSION = 1;
				GENERATE_INFOPLIST_FILE = YES;
				MARKETING_VERSION = 1.0;
				PRODUCT_BUNDLE_IDENTIFIER = com.chi.SevenLittleWordsUITests;
				PRODUCT_NAME = "$(TARGET_NAME)";
				SWIFT_EMIT_LOC_STRINGS = NO;
				SWIFT_VERSION = 5.0;
				TARGETED_DEVICE_FAMILY = "1,2";
				TEST_TARGET_NAME = SevenLittleWords;
			};
			name = Release;
		};
/* End XCBuildConfiguration section */

/* Begin XCConfigurationList section */
		0CB704F927B8AF4F00C52B24 /* Build configuration list for PBXProject "SevenLittleWords" */ = {
			isa = XCConfigurationList;
			buildConfigurations = (
				0CB7052627B8AF5100C52B24 /* Debug */,
				0CB7052727B8AF5100C52B24 /* Release */,
			);
			defaultConfigurationIsVisible = 0;
			defaultConfigurationName = Release;
		};
		0CB7052827B8AF5100C52B24 /* Build configuration list for PBXNativeTarget "SevenLittleWords" */ = {
			isa = XCConfigurationList;
			buildConfigurations = (
				0CB7052927B8AF5100C52B24 /* Debug */,
				0CB7052A27B8AF5100C52B24 /* Release */,
			);
			defaultConfigurationIsVisible = 0;
			defaultConfigurationName = Release;
		};
		0CB7052B27B8AF5100C52B24 /* Build configuration list for PBXNativeTarget "SevenLittleWordsTests" */ = {
			isa = XCConfigurationList;
			buildConfigurations = (
				0CB7052C27B8AF5100C52B24 /* Debug */,
				0CB7052D27B8AF5100C52B24 /* Release */,
			);
			defaultConfigurationIsVisible = 0;
			defaultConfigurationName = Release;
		};
		0CB7052E27B8AF5100C52B24 /* Build configuration list for PBXNativeTarget "SevenLittleWordsUITests" */ = {
			isa = XCConfigurationList;
			buildConfigurations = (
				0CB7052F27B8AF5100C52B24 /* Debug */,
				0CB7053027B8AF5100C52B24 /* Release */,
			);
			defaultConfigurationIsVisible = 0;
			defaultConfigurationName = Release;
		};
/* End XCConfigurationList section */
	};
	rootObject = 0CB704F627B8AF4F00C52B24 /* Project object */;
}
